
Microsoft Visual Studio Solution File, Format Version 12.00
# Visual Studio 15
VisualStudioVersion = 15.0.26430.14
MinimumVisualStudioVersion = 10.0.40219.1
Project("{FAE04EC0-301F-11D3-BF4B-00C04F79EFBC}") = "WebApplication1", "WebApplication1\WebApplication1.csproj", "{1DE41A0D-5646-49EF-8531-E721342B9DDC}"
EndProject
Project("{FAE04EC0-301F-11D3-BF4B-00C04F79EFBC}") = "WebService", "WebService\WebService.csproj", "{74473831-BB4E-4098-8B03-1B0170182262}"
EndProject
Global
	GlobalSection(SolutionConfigurationPlatforms) = preSolution
		Debug|Any CPU = Debug|Any CPU
		Release|Any CPU = Release|Any CPU
	EndGlobalSection
	GlobalSection(ProjectConfigurationPlatforms) = postSolution
		{1DE41A0D-5646-49EF-8531-E721342B9DDC}.Debug|Any CPU.ActiveCfg = Debug|Any CPU
		{1DE41A0D-5646-49EF-8531-E721342B9DDC}.Debug|Any CPU.Build.0 = Debug|Any CPU
		{1DE41A0D-5646-49EF-8531-E721342B9DDC}.Release|Any CPU.ActiveCfg = Release|Any CPU
		{1DE41A0D-5646-49EF-8531-E721342B9DDC}.Release|Any CPU.Build.0 = Release|Any CPU
		{74473831-BB4E-4098-8B03-1B0170182262}.Debug|Any CPU.ActiveCfg = Debug|Any CPU
		{74473831-BB4E-4098-8B03-1B0170182262}.Debug|Any CPU.Build.0 = Debug|Any CPU
		{74473831-BB4E-4098-8B03-1B0170182262}.Release|Any CPU.ActiveCfg = Release|Any CPU
		{74473831-BB4E-4098-8B03-1B0170182262}.Release|Any CPU.Build.0 = Release|Any CPU
	EndGlobalSection
	GlobalSection(SolutionProperties) = preSolution
		HideSolutionNode = FALSE
	EndGlobalSection
EndGlobal
